
Microsoft Visual Studio Solution File, Format Version 12.00
# Visual Studio 2013
VisualStudioVersion = 12.0.31101.0
MinimumVisualStudioVersion = 10.0.40219.1
Project("{FAE04EC0-301F-11D3-BF4B-00C04F79EFBC}") = "Novaroma", "Novaroma\Novaroma.csproj", "{2F7AAD0C-5E2E-4263-853B-45A4FEB63D2A}"
EndProject
Project("{FAE04EC0-301F-11D3-BF4B-00C04F79EFBC}") = "Novaroma.Shell", "Novaroma.Shell\Novaroma.Shell.csproj", "{5B06A5F2-21D5-487A-AD6C-3867B6E66B6C}"
EndProject
Project("{2150E333-8FDC-42A3-9474-1A3956D46DE8}") = ".nuget", ".nuget", "{783CED06-58FE-4894-A0E6-87E5F224F775}"
	ProjectSection(SolutionItems) = preProject
		.nuget\NuGet.Config = .nuget\NuGet.Config
		.nuget\NuGet.exe = .nuget\NuGet.exe
		.nuget\NuGet.targets = .nuget\NuGet.targets
	EndProjectSection
EndProject
Project("{FAE04EC0-301F-11D3-BF4B-00C04F79EFBC}") = "Novaroma.Engine", "Novaroma.Engine\Novaroma.Engine.csproj", "{05DA7BAE-490B-426E-B3F8-A64D8125B765}"
EndProject
Project("{2150E333-8FDC-42A3-9474-1A3956D46DE8}") = "Shared", "Shared", "{D5C1033D-8DE3-4142-83DF-4C74DC40D78B}"
	ProjectSection(SolutionItems) = preProject
		Shared\Novaroma.snk = Shared\Novaroma.snk
		Shared\Novaroma.zreproj = Shared\Novaroma.zreproj
	EndProjectSection
EndProject
Project("{FAE04EC0-301F-11D3-BF4B-00C04F79EFBC}") = "Novaroma.Win", "Novaroma.Win\Novaroma.Win.csproj", "{DFC6A843-3FAF-4D43-99EA-9F7824B1977C}"
EndProject
Project("{FAE04EC0-301F-11D3-BF4B-00C04F79EFBC}") = "Novaroma.Services", "Novaroma.Services\Novaroma.Services.csproj", "{B2D6EDC0-A227-4603-8980-2AD520E1BEC2}"
EndProject
Project("{2150E333-8FDC-42A3-9474-1A3956D46DE8}") = "References", "References", "{C2FF4A8E-B1D2-43B7-AAE5-2D34112ACDA9}"
	ProjectSection(SolutionItems) = preProject
		References\Hardcodet.Wpf.TaskbarNotification.dll = References\Hardcodet.Wpf.TaskbarNotification.dll
		References\OSDBnet.dll = References\OSDBnet.dll
		References\Transsmission.API.RPC.dll = References\Transsmission.API.RPC.dll
	EndProjectSection
EndProject
Global
	GlobalSection(SolutionConfigurationPlatforms) = preSolution
		Debug|Any CPU = Debug|Any CPU
		Release|Any CPU = Release|Any CPU
	EndGlobalSection
	GlobalSection(ProjectConfigurationPlatforms) = postSolution
		{2F7AAD0C-5E2E-4263-853B-45A4FEB63D2A}.Debug|Any CPU.ActiveCfg = Debug|Any CPU
		{2F7AAD0C-5E2E-4263-853B-45A4FEB63D2A}.Debug|Any CPU.Build.0 = Debug|Any CPU
		{2F7AAD0C-5E2E-4263-853B-45A4FEB63D2A}.Release|Any CPU.ActiveCfg = Release|Any CPU
		{2F7AAD0C-5E2E-4263-853B-45A4FEB63D2A}.Release|Any CPU.Build.0 = Release|Any CPU
		{5B06A5F2-21D5-487A-AD6C-3867B6E66B6C}.Debug|Any CPU.ActiveCfg = Debug|Any CPU
		{5B06A5F2-21D5-487A-AD6C-3867B6E66B6C}.Debug|Any CPU.Build.0 = Debug|Any CPU
		{5B06A5F2-21D5-487A-AD6C-3867B6E66B6C}.Release|Any CPU.ActiveCfg = Release|Any CPU
		{5B06A5F2-21D5-487A-AD6C-3867B6E66B6C}.Release|Any CPU.Build.0 = Release|Any CPU
		{05DA7BAE-490B-426E-B3F8-A64D8125B765}.Debug|Any CPU.ActiveCfg = Debug|Any CPU
		{05DA7BAE-490B-426E-B3F8-A64D8125B765}.Debug|Any CPU.Build.0 = Debug|Any CPU
		{05DA7BAE-490B-426E-B3F8-A64D8125B765}.Release|Any CPU.ActiveCfg = Release|Any CPU
		{05DA7BAE-490B-426E-B3F8-A64D8125B765}.Release|Any CPU.Build.0 = Release|Any CPU
		{DFC6A843-3FAF-4D43-99EA-9F7824B1977C}.Debug|Any CPU.ActiveCfg = Debug|Any CPU
		{DFC6A843-3FAF-4D43-99EA-9F7824B1977C}.Debug|Any CPU.Build.0 = Debug|Any CPU
		{DFC6A843-3FAF-4D43-99EA-9F7824B1977C}.Release|Any CPU.ActiveCfg = Release|Any CPU
		{DFC6A843-3FAF-4D43-99EA-9F7824B1977C}.Release|Any CPU.Build.0 = Release|Any CPU
		{B2D6EDC0-A227-4603-8980-2AD520E1BEC2}.Debug|Any CPU.ActiveCfg = Debug|Any CPU
		{B2D6EDC0-A227-4603-8980-2AD520E1BEC2}.Debug|Any CPU.Build.0 = Debug|Any CPU
		{B2D6EDC0-A227-4603-8980-2AD520E1BEC2}.Release|Any CPU.ActiveCfg = Release|Any CPU
		{B2D6EDC0-A227-4603-8980-2AD520E1BEC2}.Release|Any CPU.Build.0 = Release|Any CPU
	EndGlobalSection
	GlobalSection(SolutionProperties) = preSolution
		HideSolutionNode = FALSE
	EndGlobalSection
EndGlobal
